
Microsoft Visual Studio Solution File, Format Version 12.00
# Visual Studio 15
VisualStudioVersion = 15.0.28307.168
MinimumVisualStudioVersion = 10.0.40219.1
Project("{9A19103F-16F7-4668-BE54-9A1E7A4F7556}") = "name-sorter", "name-sorter\name-sorter.csproj", "{187E766D-6A45-459C-8612-FCAA384651C3}"
EndProject
Project("{9A19103F-16F7-4668-BE54-9A1E7A4F7556}") = "name-sorter.Test", "name-sorter.Test\name-sorter.Test.csproj", "{3E4EF346-80E0-44F4-B666-774D912C9A5E}"
EndProject
Project("{2150E333-8FDC-42A3-9474-1A3956D46DE8}") = "Solution Items", "Solution Items", "{5CE0173F-3C92-4772-9EAF-F3DF84A83FD7}"
	ProjectSection(SolutionItems) = preProject
		.travis.yml = .travis.yml
	EndProjectSection
EndProject
Global
	GlobalSection(SolutionConfigurationPlatforms) = preSolution
		Debug|Any CPU = Debug|Any CPU
		Release|Any CPU = Release|Any CPU
	EndGlobalSection
	GlobalSection(ProjectConfigurationPlatforms) = postSolution
		{187E766D-6A45-459C-8612-FCAA384651C3}.Debug|Any CPU.ActiveCfg = Debug|Any CPU
		{187E766D-6A45-459C-8612-FCAA384651C3}.Debug|Any CPU.Build.0 = Debug|Any CPU
		{187E766D-6A45-459C-8612-FCAA384651C3}.Release|Any CPU.ActiveCfg = Release|Any CPU
		{187E766D-6A45-459C-8612-FCAA384651C3}.Release|Any CPU.Build.0 = Release|Any CPU
		{3E4EF346-80E0-44F4-B666-774D912C9A5E}.Debug|Any CPU.ActiveCfg = Debug|Any CPU
		{3E4EF346-80E0-44F4-B666-774D912C9A5E}.Debug|Any CPU.Build.0 = Debug|Any CPU
		{3E4EF346-80E0-44F4-B666-774D912C9A5E}.Release|Any CPU.ActiveCfg = Release|Any CPU
		{3E4EF346-80E0-44F4-B666-774D912C9A5E}.Release|Any CPU.Build.0 = Release|Any CPU
	EndGlobalSection
	GlobalSection(SolutionProperties) = preSolution
		HideSolutionNode = FALSE
	EndGlobalSection
	GlobalSection(ExtensibilityGlobals) = postSolution
		SolutionGuid = {D9BA7AED-7DCA-4C83-BA27-1367C1CCF499}
	EndGlobalSection
EndGlobal
